// !$*UTF8*$!
{
	archiveVersion = 1;
	classes = {
	};
	objectVersion = 56;
	objects = {

/* Begin PBXBuildFile section */
		6A99AD9A2BADAB3500C9CFC7 /* AppDelegate.swift in Sources */ = {isa = PBXBuildFile; fileRef = 6A99AD992BADAB3500C9CFC7 /* AppDelegate.swift */; };
		6A99AD9C2BADAB3500C9CFC7 /* SceneDelegate.swift in Sources */ = {isa = PBXBuildFile; fileRef = 6A99AD9B2BADAB3500C9CFC7 /* SceneDelegate.swift */; };
		6A99AD9E2BADAB3500C9CFC7 /* ViewController.swift in Sources */ = {isa = PBXBuildFile; fileRef = 6A99AD9D2BADAB3500C9CFC7 /* ViewController.swift */; };
		6A99ADA12BADAB3500C9CFC7 /* Base in Resources */ = {isa = PBXBuildFile; fileRef = 6A99ADA02BADAB3500C9CFC7 /* Base */; };
		6A99ADA32BADAB3700C9CFC7 /* Assets.xcassets in Resources */ = {isa = PBXBuildFile; fileRef = 6A99ADA22BADAB3700C9CFC7 /* Assets.xcassets */; };
		6A99ADA62BADAB3700C9CFC7 /* Base in Resources */ = {isa = PBXBuildFile; fileRef = 6A99ADA52BADAB3700C9CFC7 /* Base */; };
		6A99ADB42BADABAF00C9CFC7 /* APIService.swift in Sources */ = {isa = PBXBuildFile; fileRef = 6A99ADB32BADABAF00C9CFC7 /* APIService.swift */; };
		6A99ADB62BADABBF00C9CFC7 /* NetworkService.swift in Sources */ = {isa = PBXBuildFile; fileRef = 6A99ADB52BADABBF00C9CFC7 /* NetworkService.swift */; };
		6A99ADD32BADF44900C9CFC7 /* ProductsTableViewCell.swift in Sources */ = {isa = PBXBuildFile; fileRef = 6A99ADD12BADF44900C9CFC7 /* ProductsTableViewCell.swift */; };
		6A99ADD42BADF44900C9CFC7 /* ProductsTableViewCell.xib in Resources */ = {isa = PBXBuildFile; fileRef = 6A99ADD22BADF44900C9CFC7 /* ProductsTableViewCell.xib */; };
		6A99ADD62BADF7E200C9CFC7 /* Image.swift in Sources */ = {isa = PBXBuildFile; fileRef = 6A99ADD52BADF7E100C9CFC7 /* Image.swift */; };
		6A99ADD82BADF81400C9CFC7 /* MainViewModel.swift in Sources */ = {isa = PBXBuildFile; fileRef = 6A99ADD72BADF81400C9CFC7 /* MainViewModel.swift */; };
		6A99ADDA2BAF412C00C9CFC7 /* NetworkError.swift in Sources */ = {isa = PBXBuildFile; fileRef = 6A99ADD92BAF412C00C9CFC7 /* NetworkError.swift */; };
		6A99ADDD2BAF511300C9CFC7 /* SDWebImage in Frameworks */ = {isa = PBXBuildFile; productRef = 6A99ADDC2BAF511300C9CFC7 /* SDWebImage */; };
		6A99ADDF2BAF511300C9CFC7 /* SDWebImageMapKit in Frameworks */ = {isa = PBXBuildFile; productRef = 6A99ADDE2BAF511300C9CFC7 /* SDWebImageMapKit */; };
/* End PBXBuildFile section */

/* Begin PBXFileReference section */
		6A99AD962BADAB3500C9CFC7 /* WongnaiInternAssignment.app */ = {isa = PBXFileReference; explicitFileType = wrapper.application; includeInIndex = 0; path = WongnaiInternAssignment.app; sourceTree = BUILT_PRODUCTS_DIR; };
		6A99AD992BADAB3500C9CFC7 /* AppDelegate.swift */ = {isa = PBXFileReference; lastKnownFileType = sourcecode.swift; path = AppDelegate.swift; sourceTree = "<group>"; };
		6A99AD9B2BADAB3500C9CFC7 /* SceneDelegate.swift */ = {isa = PBXFileReference; lastKnownFileType = sourcecode.swift; path = SceneDelegate.swift; sourceTree = "<group>"; };
		6A99AD9D2BADAB3500C9CFC7 /* ViewController.swift */ = {isa = PBXFileReference; lastKnownFileType = sourcecode.swift; path = ViewController.swift; sourceTree = "<group>"; };
		6A99ADA02BADAB3500C9CFC7 /* Base */ = {isa = PBXFileReference; lastKnownFileType = file.storyboard; name = Base; path = Base.lproj/Main.storyboard; sourceTree = "<group>"; };
		6A99ADA22BADAB3700C9CFC7 /* Assets.xcassets */ = {isa = PBXFileReference; lastKnownFileType = folder.assetcatalog; path = Assets.xcassets; sourceTree = "<group>"; };
		6A99ADA52BADAB3700C9CFC7 /* Base */ = {isa = PBXFileReference; lastKnownFileType = file.storyboard; name = Base; path = Base.lproj/LaunchScreen.storyboard; sourceTree = "<group>"; };
		6A99ADA72BADAB3700C9CFC7 /* Info.plist */ = {isa = PBXFileReference; lastKnownFileType = text.plist.xml; path = Info.plist; sourceTree = "<group>"; };
		6A99ADB32BADABAF00C9CFC7 /* APIService.swift */ = {isa = PBXFileReference; lastKnownFileType = sourcecode.swift; path = APIService.swift; sourceTree = "<group>"; };
		6A99ADB52BADABBF00C9CFC7 /* NetworkService.swift */ = {isa = PBXFileReference; lastKnownFileType = sourcecode.swift; path = NetworkService.swift; sourceTree = "<group>"; };
		6A99ADD12BADF44900C9CFC7 /* ProductsTableViewCell.swift */ = {isa = PBXFileReference; lastKnownFileType = sourcecode.swift; path = ProductsTableViewCell.swift; sourceTree = "<group>"; };
		6A99ADD22BADF44900C9CFC7 /* ProductsTableViewCell.xib */ = {isa = PBXFileReference; lastKnownFileType = file.xib; path = ProductsTableViewCell.xib; sourceTree = "<group>"; };
		6A99ADD52BADF7E100C9CFC7 /* Image.swift */ = {isa = PBXFileReference; lastKnownFileType = sourcecode.swift; path = Image.swift; sourceTree = "<group>"; };
		6A99ADD72BADF81400C9CFC7 /* MainViewModel.swift */ = {isa = PBXFileReference; lastKnownFileType = sourcecode.swift; path = MainViewModel.swift; sourceTree = "<group>"; };
		6A99ADD92BAF412C00C9CFC7 /* NetworkError.swift */ = {isa = PBXFileReference; lastKnownFileType = sourcecode.swift; path = NetworkError.swift; sourceTree = "<group>"; };
		6A99ADE02BB2012C00C9CFC7 /* README.md */ = {isa = PBXFileReference; lastKnownFileType = net.daringfireball.markdown; path = README.md; sourceTree = "<group>"; };
/* End PBXFileReference section */

/* Begin PBXFrameworksBuildPhase section */
		6A99AD932BADAB3500C9CFC7 /* Frameworks */ = {
			isa = PBXFrameworksBuildPhase;
			buildActionMask = 2147483647;
			files = (
				6A99ADDF2BAF511300C9CFC7 /* SDWebImageMapKit in Frameworks */,
				6A99ADDD2BAF511300C9CFC7 /* SDWebImage in Frameworks */,
			);
			runOnlyForDeploymentPostprocessing = 0;
		};
/* End PBXFrameworksBuildPhase section */

/* Begin PBXGroup section */
		6A99AD8D2BADAB3500C9CFC7 = {
			isa = PBXGroup;
			children = (
				6A99AD982BADAB3500C9CFC7 /* WongnaiInternAssignment */,
				6A99AD972BADAB3500C9CFC7 /* Products */,
			);
			sourceTree = "<group>";
		};
		6A99AD972BADAB3500C9CFC7 /* Products */ = {
			isa = PBXGroup;
			children = (
				6A99AD962BADAB3500C9CFC7 /* WongnaiInternAssignment.app */,
			);
			name = Products;
			sourceTree = "<group>";
		};
		6A99AD982BADAB3500C9CFC7 /* WongnaiInternAssignment */ = {
			isa = PBXGroup;
			children = (
				6A99ADB22BADAB8300C9CFC7 /* Models */,
				6A99ADB12BADAB7D00C9CFC7 /* Views */,
				6A99ADB02BADAB6E00C9CFC7 /* ViewModels */,
				6A99ADAF2BADAB6800C9CFC7 /* Services */,
				6A99ADAE2BADAB5600C9CFC7 /* Resources */,
				6A99ADAD2BADAB5000C9CFC7 /* SupportingFiles */,
				6A99ADE02BB2012C00C9CFC7 /* README.md */,
			);
			path = WongnaiInternAssignment;
			sourceTree = "<group>";
		};
		6A99ADAD2BADAB5000C9CFC7 /* SupportingFiles */ = {
			isa = PBXGroup;
			children = (
				6A99AD992BADAB3500C9CFC7 /* AppDelegate.swift */,
				6A99AD9B2BADAB3500C9CFC7 /* SceneDelegate.swift */,
				6A99ADA72BADAB3700C9CFC7 /* Info.plist */,
			);
			path = SupportingFiles;
			sourceTree = "<group>";
		};
		6A99ADAE2BADAB5600C9CFC7 /* Resources */ = {
			isa = PBXGroup;
			children = (
				6A99ADA22BADAB3700C9CFC7 /* Assets.xcassets */,
				6A99ADA42BADAB3700C9CFC7 /* LaunchScreen.storyboard */,
			);
			path = Resources;
			sourceTree = "<group>";
		};
		6A99ADAF2BADAB6800C9CFC7 /* Services */ = {
			isa = PBXGroup;
			children = (
				6A99ADB32BADABAF00C9CFC7 /* APIService.swift */,
				6A99ADB52BADABBF00C9CFC7 /* NetworkService.swift */,
				6A99ADD92BAF412C00C9CFC7 /* NetworkError.swift */,
			);
			path = Services;
			sourceTree = "<group>";
		};
		6A99ADB02BADAB6E00C9CFC7 /* ViewModels */ = {
			isa = PBXGroup;
			children = (
				6A99ADD72BADF81400C9CFC7 /* MainViewModel.swift */,
			);
			path = ViewModels;
			sourceTree = "<group>";
		};
		6A99ADB12BADAB7D00C9CFC7 /* Views */ = {
			isa = PBXGroup;
			children = (
				6A99AD9F2BADAB3500C9CFC7 /* Main.storyboard */,
				6A99AD9D2BADAB3500C9CFC7 /* ViewController.swift */,
				6A99ADD12BADF44900C9CFC7 /* ProductsTableViewCell.swift */,
				6A99ADD22BADF44900C9CFC7 /* ProductsTableViewCell.xib */,
			);
			path = Views;
			sourceTree = "<group>";
		};
		6A99ADB22BADAB8300C9CFC7 /* Models */ = {
			isa = PBXGroup;
			children = (
				6A99ADD52BADF7E100C9CFC7 /* Image.swift */,
			);
			path = Models;
			sourceTree = "<group>";
		};
/* End PBXGroup section */

/* Begin PBXNativeTarget section */
		6A99AD952BADAB3500C9CFC7 /* WongnaiInternAssignment */ = {
			isa = PBXNativeTarget;
			buildConfigurationList = 6A99ADAA2BADAB3700C9CFC7 /* Build configuration list for PBXNativeTarget "WongnaiInternAssignment" */;
			buildPhases = (
				6A99AD922BADAB3500C9CFC7 /* Sources */,
				6A99AD932BADAB3500C9CFC7 /* Frameworks */,
				6A99AD942BADAB3500C9CFC7 /* Resources */,
			);
			buildRules = (
			);
			dependencies = (
			);
			name = WongnaiInternAssignment;
			packageProductDependencies = (
				6A99ADDC2BAF511300C9CFC7 /* SDWebImage */,
				6A99ADDE2BAF511300C9CFC7 /* SDWebImageMapKit */,
			);
			productName = WongnaiInternAssignment;
			productReference = 6A99AD962BADAB3500C9CFC7 /* WongnaiInternAssignment.app */;
			productType = "com.apple.product-type.application";
		};
/* End PBXNativeTarget section */

/* Begin PBXProject section */
		6A99AD8E2BADAB3500C9CFC7 /* Project object */ = {
			isa = PBXProject;
			attributes = {
				BuildIndependentTargetsInParallel = 1;
				LastSwiftUpdateCheck = 1530;
				LastUpgradeCheck = 1530;
				TargetAttributes = {
					6A99AD952BADAB3500C9CFC7 = {
						CreatedOnToolsVersion = 15.3;
					};
				};
			};
			buildConfigurationList = 6A99AD912BADAB3500C9CFC7 /* Build configuration list for PBXProject "WongnaiInternAssignment" */;
			compatibilityVersion = "Xcode 14.0";
			developmentRegion = en;
			hasScannedForEncodings = 0;
			knownRegions = (
				en,
				Base,
			);
			mainGroup = 6A99AD8D2BADAB3500C9CFC7;
			packageReferences = (
				6A99ADDB2BAF511300C9CFC7 /* XCRemoteSwiftPackageReference "SDWebImage" */,
			);
			productRefGroup = 6A99AD972BADAB3500C9CFC7 /* Products */;
			projectDirPath = "";
			projectRoot = "";
			targets = (
				6A99AD952BADAB3500C9CFC7 /* WongnaiInternAssignment */,
			);
		};
/* End PBXProject section */

/* Begin PBXResourcesBuildPhase section */
		6A99AD942BADAB3500C9CFC7 /* Resources */ = {
			isa = PBXResourcesBuildPhase;
			buildActionMask = 2147483647;
			files = (
				6A99ADA32BADAB3700C9CFC7 /* Assets.xcassets in Resources */,
				6A99ADD42BADF44900C9CFC7 /* ProductsTableViewCell.xib in Resources */,
				6A99ADA62BADAB3700C9CFC7 /* Base in Resources */,
				6A99ADA12BADAB3500C9CFC7 /* Base in Resources */,
			);
			runOnlyForDeploymentPostprocessing = 0;
		};
/* End PBXResourcesBuildPhase section */

/* Begin PBXSourcesBuildPhase section */
		6A99AD922BADAB3500C9CFC7 /* Sources */ = {
			isa = PBXSourcesBuildPhase;
			buildActionMask = 2147483647;
			files = (
				6A99ADD62BADF7E200C9CFC7 /* Image.swift in Sources */,
				6A99ADB62BADABBF00C9CFC7 /* NetworkService.swift in Sources */,
				6A99AD9E2BADAB3500C9CFC7 /* ViewController.swift in Sources */,
				6A99AD9A2BADAB3500C9CFC7 /* AppDelegate.swift in Sources */,
				6A99ADD32BADF44900C9CFC7 /* ProductsTableViewCell.swift in Sources */,
				6A99ADB42BADABAF00C9CFC7 /* APIService.swift in Sources */,
				6A99ADDA2BAF412C00C9CFC7 /* NetworkError.swift in Sources */,
				6A99AD9C2BADAB3500C9CFC7 /* SceneDelegate.swift in Sources */,
				6A99ADD82BADF81400C9CFC7 /* MainViewModel.swift in Sources */,
			);
			runOnlyForDeploymentPostprocessing = 0;
		};
/* End PBXSourcesBuildPhase section */

/* Begin PBXVariantGroup section */
		6A99AD9F2BADAB3500C9CFC7 /* Main.storyboard */ = {
			isa = PBXVariantGroup;
			children = (
				6A99ADA02BADAB3500C9CFC7 /* Base */,
			);
			name = Main.storyboard;
			sourceTree = "<group>";
		};
		6A99ADA42BADAB3700C9CFC7 /* LaunchScreen.storyboard */ = {
			isa = PBXVariantGroup;
			children = (
				6A99ADA52BADAB3700C9CFC7 /* Base */,
			);
			name = LaunchScreen.storyboard;
			sourceTree = "<group>";
		};
/* End PBXVariantGroup section */

/* Begin XCBuildConfiguration section */
		6A99ADA82BADAB3700C9CFC7 /* Debug */ = {
			isa = XCBuildConfiguration;
			buildSettings = {
				ALWAYS_SEARCH_USER_PATHS = NO;
				ASSETCATALOG_COMPILER_GENERATE_SWIFT_ASSET_SYMBOL_EXTENSIONS = YES;
				CLANG_ANALYZER_NONNULL = YES;
				CLANG_ANALYZER_NUMBER_OBJECT_CONVERSION = YES_AGGRESSIVE;
				CLANG_CXX_LANGUAGE_STANDARD = "gnu++20";
				CLANG_ENABLE_MODULES = YES;
				CLANG_ENABLE_OBJC_ARC = YES;
				CLANG_ENABLE_OBJC_WEAK = YES;
				CLANG_WARN_BLOCK_CAPTURE_AUTORELEASING = YES;
				CLANG_WARN_BOOL_CONVERSION = YES;
				CLANG_WARN_COMMA = YES;
				CLANG_WARN_CONSTANT_CONVERSION = YES;
				CLANG_WARN_DEPRECATED_OBJC_IMPLEMENTATIONS = YES;
				CLANG_WARN_DIRECT_OBJC_ISA_USAGE = YES_ERROR;
				CLANG_WARN_DOCUMENTATION_COMMENTS = YES;
				CLANG_WARN_EMPTY_BODY = YES;
				CLANG_WARN_ENUM_CONVERSION = YES;
				CLANG_WARN_INFINITE_RECURSION = YES;
				CLANG_WARN_INT_CONVERSION = YES;
				CLANG_WARN_NON_LITERAL_NULL_CONVERSION = YES;
				CLANG_WARN_OBJC_IMPLICIT_RETAIN_SELF = YES;
				CLANG_WARN_OBJC_LITERAL_CONVERSION = YES;
				CLANG_WARN_OBJC_ROOT_CLASS = YES_ERROR;
				CLANG_WARN_QUOTED_INCLUDE_IN_FRAMEWORK_HEADER = YES;
				CLANG_WARN_RANGE_LOOP_ANALYSIS = YES;
				CLANG_WARN_STRICT_PROTOTYPES = YES;
				CLANG_WARN_SUSPICIOUS_MOVE = YES;
				CLANG_WARN_UNGUARDED_AVAILABILITY = YES_AGGRESSIVE;
				CLANG_WARN_UNREACHABLE_CODE = YES;
				CLANG_WARN__DUPLICATE_METHOD_MATCH = YES;
				COPY_PHASE_STRIP = NO;
				DEBUG_INFORMATION_FORMAT = dwarf;
				ENABLE_STRICT_OBJC_MSGSEND = YES;
				ENABLE_TESTABILITY = YES;
				ENABLE_USER_SCRIPT_SANDBOXING = YES;
				GCC_C_LANGUAGE_STANDARD = gnu17;
				GCC_DYNAMIC_NO_PIC = NO;
				GCC_NO_COMMON_BLOCKS = YES;
				GCC_OPTIMIZATION_LEVEL = 0;
				GCC_PREPROCESSOR_DEFINITIONS = (
					"DEBUG=1",
					"$(inherited)",
				);
				GCC_WARN_64_TO_32_BIT_CONVERSION = YES;
				GCC_WARN_ABOUT_RETURN_TYPE = YES_ERROR;
				GCC_WARN_UNDECLARED_SELECTOR = YES;
				GCC_WARN_UNINITIALIZED_AUTOS = YES_AGGRESSIVE;
				GCC_WARN_UNUSED_FUNCTION = YES;
				GCC_WARN_UNUSED_VARIABLE = YES;
				IPHONEOS_DEPLOYMENT_TARGET = 17.4;
				LOCALIZATION_PREFERS_STRING_CATALOGS = YES;
				MTL_ENABLE_DEBUG_INFO = INCLUDE_SOURCE;
				MTL_FAST_MATH = YES;
				ONLY_ACTIVE_ARCH = YES;
				SDKROOT = iphoneos;
				SWIFT_ACTIVE_COMPILATION_CONDITIONS = "DEBUG $(inherited)";
				SWIFT_OPTIMIZATION_LEVEL = "-Onone";
			};
			name = Debug;
		};
		6A99ADA92BADAB3700C9CFC7 /* Release */ = {
			isa = XCBuildConfiguration;
			buildSettings = {
				ALWAYS_SEARCH_USER_PATHS = NO;
				ASSETCATALOG_COMPILER_GENERATE_SWIFT_ASSET_SYMBOL_EXTENSIONS = YES;
				CLANG_ANALYZER_NONNULL = YES;
				CLANG_ANALYZER_NUMBER_OBJECT_CONVERSION = YES_AGGRESSIVE;
				CLANG_CXX_LANGUAGE_STANDARD = "gnu++20";
				CLANG_ENABLE_MODULES = YES;
				CLANG_ENABLE_OBJC_ARC = YES;
				CLANG_ENABLE_OBJC_WEAK = YES;
				CLANG_WARN_BLOCK_CAPTURE_AUTORELEASING = YES;
				CLANG_WARN_BOOL_CONVERSION = YES;
				CLANG_WARN_COMMA = YES;
				CLANG_WARN_CONSTANT_CONVERSION = YES;
				CLANG_WARN_DEPRECATED_OBJC_IMPLEMENTATIONS = YES;
				CLANG_WARN_DIRECT_OBJC_ISA_USAGE = YES_ERROR;
				CLANG_WARN_DOCUMENTATION_COMMENTS = YES;
				CLANG_WARN_EMPTY_BODY = YES;
				CLANG_WARN_ENUM_CONVERSION = YES;
				CLANG_WARN_INFINITE_RECURSION = YES;
				CLANG_WARN_INT_CONVERSION = YES;
				CLANG_WARN_NON_LITERAL_NULL_CONVERSION = YES;
				CLANG_WARN_OBJC_IMPLICIT_RETAIN_SELF = YES;
				CLANG_WARN_OBJC_LITERAL_CONVERSION = YES;
				CLANG_WARN_OBJC_ROOT_CLASS = YES_ERROR;
				CLANG_WARN_QUOTED_INCLUDE_IN_FRAMEWORK_HEADER = YES;
				CLANG_WARN_RANGE_LOOP_ANALYSIS = YES;
				CLANG_WARN_STRICT_PROTOTYPES = YES;
				CLANG_WARN_SUSPICIOUS_MOVE = YES;
				CLANG_WARN_UNGUARDED_AVAILABILITY = YES_AGGRESSIVE;
				CLANG_WARN_UNREACHABLE_CODE = YES;
				CLANG_WARN__DUPLICATE_METHOD_MATCH = YES;
				COPY_PHASE_STRIP = NO;
				DEBUG_INFORMATION_FORMAT = "dwarf-with-dsym";
				ENABLE_NS_ASSERTIONS = NO;
				ENABLE_STRICT_OBJC_MSGSEND = YES;
				ENABLE_USER_SCRIPT_SANDBOXING = YES;
				GCC_C_LANGUAGE_STANDARD = gnu17;
				GCC_NO_COMMON_BLOCKS = YES;
				GCC_WARN_64_TO_32_BIT_CONVERSION = YES;
				GCC_WARN_ABOUT_RETURN_TYPE = YES_ERROR;
				GCC_WARN_UNDECLARED_SELECTOR = YES;
				GCC_WARN_UNINITIALIZED_AUTOS = YES_AGGRESSIVE;
				GCC_WARN_UNUSED_FUNCTION = YES;
				GCC_WARN_UNUSED_VARIABLE = YES;
				IPHONEOS_DEPLOYMENT_TARGET = 17.4;
				LOCALIZATION_PREFERS_STRING_CATALOGS = YES;
				MTL_ENABLE_DEBUG_INFO = NO;
				MTL_FAST_MATH = YES;
				SDKROOT = iphoneos;
				SWIFT_COMPILATION_MODE = wholemodule;
				VALIDATE_PRODUCT = YES;
			};
			name = Release;
		};
		6A99ADAB2BADAB3700C9CFC7 /* Debug */ = {
			isa = XCBuildConfiguration;
			buildSettings = {
				ASSETCATALOG_COMPILER_APPICON_NAME = AppIcon;
				ASSETCATALOG_COMPILER_GLOBAL_ACCENT_COLOR_NAME = AccentColor;
				CODE_SIGN_STYLE = Automatic;
				CURRENT_PROJECT_VERSION = 1;
				DEVELOPMENT_TEAM = D2XWQ68J4V;
				GENERATE_INFOPLIST_FILE = YES;
				INFOPLIST_FILE = WongnaiInternAssignment/SupportingFiles/Info.plist;
				INFOPLIST_KEY_UIApplicationSupportsIndirectInputEvents = YES;
				INFOPLIST_KEY_UILaunchStoryboardName = LaunchScreen;
				INFOPLIST_KEY_UIMainStoryboardFile = Main;
				INFOPLIST_KEY_UISupportedInterfaceOrientations = "UIInterfaceOrientationLandscapeLeft UIInterfaceOrientationLandscapeRight UIInterfaceOrientationPortrait UIInterfaceOrientationPortraitUpsideDown";
				IPHONEOS_DEPLOYMENT_TARGET = 12.0;
				LD_RUNPATH_SEARCH_PATHS = (
					"$(inherited)",
					"@executable_path/Frameworks",
				);
				MARKETING_VERSION = 1.0;
				PRODUCT_BUNDLE_IDENTIFIER = com.warat.WongnaiInternAssignment;
				PRODUCT_NAME = "$(TARGET_NAME)";
				SWIFT_EMIT_LOC_STRINGS = YES;
				SWIFT_VERSION = 5.0;
				TARGETED_DEVICE_FAMILY = "1,2";
			};
			name = Debug;
		};
		6A99ADAC2BADAB3700C9CFC7 /* Release */ = {
			isa = XCBuildConfiguration;
			buildSettings = {
				ASSETCATALOG_COMPILER_APPICON_NAME = AppIcon;
				ASSETCATALOG_COMPILER_GLOBAL_ACCENT_COLOR_NAME = AccentColor;
				CODE_SIGN_STYLE = Automatic;
				CURRENT_PROJECT_VERSION = 1;
				DEVELOPMENT_TEAM = D2XWQ68J4V;
				GENERATE_INFOPLIST_FILE = YES;
				INFOPLIST_FILE = WongnaiInternAssignment/SupportingFiles/Info.plist;
				INFOPLIST_KEY_UIApplicationSupportsIndirectInputEvents = YES;
				INFOPLIST_KEY_UILaunchStoryboardName = LaunchScreen;
				INFOPLIST_KEY_UIMainStoryboardFile = Main;
				INFOPLIST_KEY_UISupportedInterfaceOrientations = "UIInterfaceOrientationLandscapeLeft UIInterfaceOrientationLandscapeRight UIInterfaceOrientationPortrait UIInterfaceOrientationPortraitUpsideDown";
				IPHONEOS_DEPLOYMENT_TARGET = 12.0;
				LD_RUNPATH_SEARCH_PATHS = (
					"$(inherited)",
					"@executable_path/Frameworks",
				);
				MARKETING_VERSION = 1.0;
				PRODUCT_BUNDLE_IDENTIFIER = com.warat.WongnaiInternAssignment;
				PRODUCT_NAME = "$(TARGET_NAME)";
				SWIFT_EMIT_LOC_STRINGS = YES;
				SWIFT_VERSION = 5.0;
				TARGETED_DEVICE_FAMILY = "1,2";
			};
			name = Release;
		};
/* End XCBuildConfiguration section */

/* Begin XCConfigurationList section */
		6A99AD912BADAB3500C9CFC7 /* Build configuration list for PBXProject "WongnaiInternAssignment" */ = {
			isa = XCConfigurationList;
			buildConfigurations = (
				6A99ADA82BADAB3700C9CFC7 /* Debug */,
				6A99ADA92BADAB3700C9CFC7 /* Release */,
			);
			defaultConfigurationIsVisible = 0;
			defaultConfigurationName = Release;
		};
		6A99ADAA2BADAB3700C9CFC7 /* Build configuration list for PBXNativeTarget "WongnaiInternAssignment" */ = {
			isa = XCConfigurationList;
			buildConfigurations = (
				6A99ADAB2BADAB3700C9CFC7 /* Debug */,
				6A99ADAC2BADAB3700C9CFC7 /* Release */,
			);
			defaultConfigurationIsVisible = 0;
			defaultConfigurationName = Release;
		};
/* End XCConfigurationList section */

/* Begin XCRemoteSwiftPackageReference section */
		6A99ADDB2BAF511300C9CFC7 /* XCRemoteSwiftPackageReference "SDWebImage" */ = {
			isa = XCRemoteSwiftPackageReference;
			repositoryURL = "https://github.com/SDWebImage/SDWebImage.git";
			requirement = {
				kind = upToNextMajorVersion;
				minimumVersion = 5.19.0;
			};
		};
/* End XCRemoteSwiftPackageReference section */

/* Begin XCSwiftPackageProductDependency section */
		6A99ADDC2BAF511300C9CFC7 /* SDWebImage */ = {
			isa = XCSwiftPackageProductDependency;
			package = 6A99ADDB2BAF511300C9CFC7 /* XCRemoteSwiftPackageReference "SDWebImage" */;
			productName = SDWebImage;
		};
		6A99ADDE2BAF511300C9CFC7 /* SDWebImageMapKit */ = {
			isa = XCSwiftPackageProductDependency;
			package = 6A99ADDB2BAF511300C9CFC7 /* XCRemoteSwiftPackageReference "SDWebImage" */;
			productName = SDWebImageMapKit;
		};
/* End XCSwiftPackageProductDependency section */
	};
	rootObject = 6A99AD8E2BADAB3500C9CFC7 /* Project object */;
}
